
Microsoft Visual Studio Solution File, Format Version 12.00
# Visual Studio Version 17
VisualStudioVersion = 17.11.35327.3
MinimumVisualStudioVersion = 10.0.40219.1
Project("{FAE04EC0-301F-11D3-BF4B-00C04F79EFBC}") = "Builder", "Builder\Builder.csproj", "{880AA2C8-AB92-4476-998E-2D0A256FEDFF}"
EndProject
Global
	GlobalSection(SolutionConfigurationPlatforms) = preSolution
		Debug|Any CPU = Debug|Any CPU
		Release|Any CPU = Release|Any CPU
	EndGlobalSection
	GlobalSection(ProjectConfigurationPlatforms) = postSolution
		{880AA2C8-AB92-4476-998E-2D0A256FEDFF}.Debug|Any CPU.ActiveCfg = Debug|Any CPU
		{880AA2C8-AB92-4476-998E-2D0A256FEDFF}.Debug|Any CPU.Build.0 = Debug|Any CPU
		{880AA2C8-AB92-4476-998E-2D0A256FEDFF}.Release|Any CPU.ActiveCfg = Release|Any CPU
		{880AA2C8-AB92-4476-998E-2D0A256FEDFF}.Release|Any CPU.Build.0 = Release|Any CPU
	EndGlobalSection
	GlobalSection(SolutionProperties) = preSolution
		HideSolutionNode = FALSE
	EndGlobalSection
	GlobalSection(ExtensibilityGlobals) = postSolution
		SolutionGuid = {E47D2ED7-4584-48EE-B2F9-9E3BB6F97C9F}
	EndGlobalSection
EndGlobal
