
Microsoft Visual Studio Solution File, Format Version 12.00
# Visual Studio Version 17
VisualStudioVersion = 17.11.35327.3
MinimumVisualStudioVersion = 10.0.40219.1
Project("{FAE04EC0-301F-11D3-BF4B-00C04F79EFBC}") = "conditions exe", "conditions exe\conditions exe.csproj", "{14B3C68E-FD4C-4F26-97ED-92D8722702A8}"
EndProject
Global
	GlobalSection(SolutionConfigurationPlatforms) = preSolution
		Debug|Any CPU = Debug|Any CPU
		Release|Any CPU = Release|Any CPU
	EndGlobalSection
	GlobalSection(ProjectConfigurationPlatforms) = postSolution
		{14B3C68E-FD4C-4F26-97ED-92D8722702A8}.Debug|Any CPU.ActiveCfg = Debug|Any CPU
		{14B3C68E-FD4C-4F26-97ED-92D8722702A8}.Debug|Any CPU.Build.0 = Debug|Any CPU
		{14B3C68E-FD4C-4F26-97ED-92D8722702A8}.Release|Any CPU.ActiveCfg = Release|Any CPU
		{14B3C68E-FD4C-4F26-97ED-92D8722702A8}.Release|Any CPU.Build.0 = Release|Any CPU
	EndGlobalSection
	GlobalSection(SolutionProperties) = preSolution
		HideSolutionNode = FALSE
	EndGlobalSection
	GlobalSection(ExtensibilityGlobals) = postSolution
		SolutionGuid = {BD465EA3-609C-4B4F-B775-823734DA9955}
	EndGlobalSection
EndGlobal
