
Microsoft Visual Studio Solution File, Format Version 12.00
# Visual Studio Version 17
VisualStudioVersion = 17.11.35327.3
MinimumVisualStudioVersion = 10.0.40219.1
Project("{FAE04EC0-301F-11D3-BF4B-00C04F79EFBC}") = "Delegates", "Delegates\Delegates.csproj", "{52282301-9042-4311-9165-0FAD1DBC79DA}"
EndProject
Global
	GlobalSection(SolutionConfigurationPlatforms) = preSolution
		Debug|Any CPU = Debug|Any CPU
		Release|Any CPU = Release|Any CPU
	EndGlobalSection
	GlobalSection(ProjectConfigurationPlatforms) = postSolution
		{52282301-9042-4311-9165-0FAD1DBC79DA}.Debug|Any CPU.ActiveCfg = Debug|Any CPU
		{52282301-9042-4311-9165-0FAD1DBC79DA}.Debug|Any CPU.Build.0 = Debug|Any CPU
		{52282301-9042-4311-9165-0FAD1DBC79DA}.Release|Any CPU.ActiveCfg = Release|Any CPU
		{52282301-9042-4311-9165-0FAD1DBC79DA}.Release|Any CPU.Build.0 = Release|Any CPU
	EndGlobalSection
	GlobalSection(SolutionProperties) = preSolution
		HideSolutionNode = FALSE
	EndGlobalSection
	GlobalSection(ExtensibilityGlobals) = postSolution
		SolutionGuid = {E2EA00F9-DFDD-4AA7-9F73-7F44EE837B94}
	EndGlobalSection
EndGlobal
