
Microsoft Visual Studio Solution File, Format Version 12.00
# Visual Studio Version 17
VisualStudioVersion = 17.11.35327.3
MinimumVisualStudioVersion = 10.0.40219.1
Project("{FAE04EC0-301F-11D3-BF4B-00C04F79EFBC}") = "interface", "interface\interface.csproj", "{A1FD5B30-717B-4665-A5F4-EC8467800DDA}"
EndProject
Global
	GlobalSection(SolutionConfigurationPlatforms) = preSolution
		Debug|Any CPU = Debug|Any CPU
		Release|Any CPU = Release|Any CPU
	EndGlobalSection
	GlobalSection(ProjectConfigurationPlatforms) = postSolution
		{A1FD5B30-717B-4665-A5F4-EC8467800DDA}.Debug|Any CPU.ActiveCfg = Debug|Any CPU
		{A1FD5B30-717B-4665-A5F4-EC8467800DDA}.Debug|Any CPU.Build.0 = Debug|Any CPU
		{A1FD5B30-717B-4665-A5F4-EC8467800DDA}.Release|Any CPU.ActiveCfg = Release|Any CPU
		{A1FD5B30-717B-4665-A5F4-EC8467800DDA}.Release|Any CPU.Build.0 = Release|Any CPU
	EndGlobalSection
	GlobalSection(SolutionProperties) = preSolution
		HideSolutionNode = FALSE
	EndGlobalSection
	GlobalSection(ExtensibilityGlobals) = postSolution
		SolutionGuid = {67453DF3-0EB4-47AE-B74D-C481F66E7DAF}
	EndGlobalSection
EndGlobal
