
Microsoft Visual Studio Solution File, Format Version 12.00
# Visual Studio Version 17
VisualStudioVersion = 17.11.35327.3
MinimumVisualStudioVersion = 10.0.40219.1
Project("{FAE04EC0-301F-11D3-BF4B-00C04F79EFBC}") = "SUMMARY EXE", "SUMMARY EXE\SUMMARY EXE.csproj", "{084C1C51-8F04-4CA1-B629-553373CB144F}"
EndProject
Global
	GlobalSection(SolutionConfigurationPlatforms) = preSolution
		Debug|Any CPU = Debug|Any CPU
		Release|Any CPU = Release|Any CPU
	EndGlobalSection
	GlobalSection(ProjectConfigurationPlatforms) = postSolution
		{084C1C51-8F04-4CA1-B629-553373CB144F}.Debug|Any CPU.ActiveCfg = Debug|Any CPU
		{084C1C51-8F04-4CA1-B629-553373CB144F}.Debug|Any CPU.Build.0 = Debug|Any CPU
		{084C1C51-8F04-4CA1-B629-553373CB144F}.Release|Any CPU.ActiveCfg = Release|Any CPU
		{084C1C51-8F04-4CA1-B629-553373CB144F}.Release|Any CPU.Build.0 = Release|Any CPU
	EndGlobalSection
	GlobalSection(SolutionProperties) = preSolution
		HideSolutionNode = FALSE
	EndGlobalSection
	GlobalSection(ExtensibilityGlobals) = postSolution
		SolutionGuid = {02E8BC4C-C7A9-4A1C-A717-728D81F492A4}
	EndGlobalSection
EndGlobal
