
Microsoft Visual Studio Solution File, Format Version 12.00
# Visual Studio Version 17
VisualStudioVersion = 17.11.35327.3
MinimumVisualStudioVersion = 10.0.40219.1
Project("{FAE04EC0-301F-11D3-BF4B-00C04F79EFBC}") = "against exe", "against exe\against exe.csproj", "{170637F6-9213-43C4-B42A-9CAD5C2C2A25}"
EndProject
Global
	GlobalSection(SolutionConfigurationPlatforms) = preSolution
		Debug|Any CPU = Debug|Any CPU
		Release|Any CPU = Release|Any CPU
	EndGlobalSection
	GlobalSection(ProjectConfigurationPlatforms) = postSolution
		{170637F6-9213-43C4-B42A-9CAD5C2C2A25}.Debug|Any CPU.ActiveCfg = Debug|Any CPU
		{170637F6-9213-43C4-B42A-9CAD5C2C2A25}.Debug|Any CPU.Build.0 = Debug|Any CPU
		{170637F6-9213-43C4-B42A-9CAD5C2C2A25}.Release|Any CPU.ActiveCfg = Release|Any CPU
		{170637F6-9213-43C4-B42A-9CAD5C2C2A25}.Release|Any CPU.Build.0 = Release|Any CPU
	EndGlobalSection
	GlobalSection(SolutionProperties) = preSolution
		HideSolutionNode = FALSE
	EndGlobalSection
	GlobalSection(ExtensibilityGlobals) = postSolution
		SolutionGuid = {516BC843-C84E-431E-BF39-480A43C79DDE}
	EndGlobalSection
EndGlobal
